dependencies:
- name: traefik
  repository: https://traefik.github.io/charts
  version: 36.2.0
- name: cert-manager
  repository: https://charts.jetstack.io
  version: v1.17.2
- name: frankenphp
  repository: file://charts/frankenphp
  version: 0.1.0
digest: sha256:b622e84a522e24b0ffa1a23c8c5fffc9ee00752f7a220e9ed6a184e34a843fdb
generated: "2026-07-31T16:26:51.006837096Z"
