dependencies:
- name: traefik
  repository: https://traefik.github.io/charts
  version: 36.2.0
- name: cert-manager
  repository: https://charts.jetstack.io
  version: v1.17.2
- name: postgresql
  repository: https://charts.bitnami.com/bitnami
  version: 16.7.2
- name: frankenphp
  repository: file://charts/frankenphp
  version: 0.1.0
digest: sha256:6dcda900748d8ab6eb56e0a2e15f45f1f98191e1be0a056b1164a5bc24aa2dc9
generated: "2026-07-31T17:44:03.814055015Z"
